// !$*UTF8*$!
{
	archiveVersion = 1;
	classes = {
	};
	objectVersion = 46;
	objects = {

/* Begin PBXBuildFile section */
		D89C0E601C853CB500A8EB1A /* AppDelegate.swift in Sources */ = {isa = PBXBuildFile; fileRef = D89C0E5F1C853CB500A8EB1A /* AppDelegate.swift */; };
		D89C0E621C853CB500A8EB1A /* ViewController.swift in Sources */ = {isa = PBXBuildFile; fileRef = D89C0E611C853CB500A8EB1A /* ViewController.swift */; };
		D89C0E651C853CB500A8EB1A /* Main.storyboard in Resources */ = {isa = PBXBuildFile; fileRef = D89C0E631C853CB500A8EB1A /* Main.storyboard */; };
		D89C0E671C853CB500A8EB1A /* Assets.xcassets in Resources */ = {isa = PBXBuildFile; fileRef = D89C0E661C853CB500A8EB1A /* Assets.xcassets */; };
		D89C0E6A1C853CB500A8EB1A /* LaunchScreen.storyboard in Resources */ = {isa = PBXBuildFile; fileRef = D89C0E681C853CB500A8EB1A /* LaunchScreen.storyboard */; };
/* End PBXBuildFile section */

/* Begin PBXFileReference section */
		D89C0E5C1C853CB400A8EB1A /* helloWorld.app */ = {isa = PBXFileReference; explicitFileType = wrapper.application; includeInIndex = 0; path = helloWorld.app; sourceTree = BUILT_PRODUCTS_DIR; };
		D89C0E5F1C853CB500A8EB1A /* AppDelegate.swift */ = {isa = PBXFileReference; lastKnownFileType = sourcecode.swift; path = AppDelegate.swift; sourceTree = "<group>"; };
		D89C0E611C853CB500A8EB1A /* ViewController.swift */ = {isa = PBXFileReference; lastKnownFileType = sourcecode.swift; path = ViewController.swift; sourceTree = "<group>"; };
		D89C0E641C853CB500A8EB1A /* Base */ = {isa = PBXFileReference; lastKnownFileType = file.storyboard; name = Base; path = Base.lproj/Main.storyboard; sourceTree = "<group>"; };
		D89C0E661C853CB500A8EB1A /* Assets.xcassets */ = {isa = PBXFileReference; lastKnownFileType = folder.assetcatalog; path = Assets.xcassets; sourceTree = "<group>"; };
		D89C0E691C853CB500A8EB1A /* Base */ = {isa = PBXFileReference; lastKnownFileType = file.storyboard; name = Base; path = Base.lproj/LaunchScreen.storyboard; sourceTree = "<group>"; };
		D89C0E6B1C853CB500A8EB1A /* Info.plist */ = {isa = PBXFileReference; lastKnownFileType = text.plist.xml; path = Info.plist; sourceTree = "<group>"; };
/* End PBXFileReference section */

/* Begin PBXFrameworksBuildPhase section */
		D89C0E591C853CB400A8EB1A /* Frameworks */ = {
			isa = PBXFrameworksBuildPhase;
			buildActionMask = 2147483647;
			files = (
			);
			runOnlyForDeploymentPostprocessing = 0;
		};
/* End PBXFrameworksBuildPhase section */

/* Begin PBXGroup section */
		D89C0E531C853CB300A8EB1A = {
			isa = PBXGroup;
			children = (
				D89C0E5E1C853CB400A8EB1A /* helloWorld */,
				D89C0E5D1C853CB400A8EB1A /* Products */,
			);
			sourceTree = "<group>";
		};
		D89C0E5D1C853CB400A8EB1A /* Products */ = {
			isa = PBXGroup;
			children = (
				D89C0E5C1C853CB400A8EB1A /* helloWorld.app */,
			);
			name = Products;
			sourceTree = "<group>";
		};
		D89C0E5E1C853CB400A8EB1A /* helloWorld */ = {
			isa = PBXGroup;
			children = (
				D89C0E5F1C853CB500A8EB1A /* AppDelegate.swift */,
				D89C0E611C853CB500A8EB1A /* ViewController.swift */,
				D89C0E631C853CB500A8EB1A /* Main.storyboard */,
				D89C0E661C853CB500A8EB1A /* Assets.xcassets */,
				D89C0E681C853CB500A8EB1A /* LaunchScreen.storyboard */,
				D89C0E6B1C853CB500A8EB1A /* Info.plist */,
			);
			path = helloWorld;
			sourceTree = "<group>";
		};
/* End PBXGroup section */

/* Begin PBXNativeTarget section */
		D89C0E5B1C853CB400A8EB1A /* helloWorld */ = {
			isa = PBXNativeTarget;
			buildConfigurationList = D89C0E6E1C853CB500A8EB1A /* Build configuration list for PBXNativeTarget "helloWorld" */;
			buildPhases = (
				D89C0E581C853CB400A8EB1A /* Sources */,
				D89C0E591C853CB400A8EB1A /* Frameworks */,
				D89C0E5A1C853CB400A8EB1A /* Resources */,
			);
			buildRules = (
			);
			dependencies = (
			);
			name = helloWorld;
			productName = helloWorld;
			productReference = D89C0E5C1C853CB400A8EB1A /* helloWorld.app */;
			productType = "com.apple.product-type.application";
		};
/* End PBXNativeTarget section */

/* Begin PBXProject section */
		D89C0E541C853CB300A8EB1A /* Project object */ = {
			isa = PBXProject;
			attributes = {
				LastSwiftUpdateCheck = 0720;
				LastUpgradeCheck = 0720;
				ORGANIZATIONNAME = Shoenick;
				TargetAttributes = {
					D89C0E5B1C853CB400A8EB1A = {
						CreatedOnToolsVersion = 7.2;
						DevelopmentTeam = 9X6ZLQHV8V;
					};
				};
			};
			buildConfigurationList = D89C0E571C853CB400A8EB1A /* Build configuration list for PBXProject "helloWorld" */;
			compatibilityVersion = "Xcode 3.2";
			developmentRegion = English;
			hasScannedForEncodings = 0;
			knownRegions = (
				en,
				Base,
			);
			mainGroup = D89C0E531C853CB300A8EB1A;
			productRefGroup = D89C0E5D1C853CB400A8EB1A /* Products */;
			projectDirPath = "";
			projectRoot = "";
			targets = (
				D89C0E5B1C853CB400A8EB1A /* helloWorld */,
			);
		};
/* End PBXProject section */

/* Begin PBXResourcesBuildPhase section */
		D89C0E5A1C853CB400A8EB1A /* Resources */ = {
			isa = PBXResourcesBuildPhase;
			buildActionMask = 2147483647;
			files = (
				D89C0E6A1C853CB500A8EB1A /* LaunchScreen.storyboard in Resources */,
				D89C0E671C853CB500A8EB1A /* Assets.xcassets in Resources */,
				D89C0E651C853CB500A8EB1A /* Main.storyboard in Resources */,
			);
			runOnlyForDeploymentPostprocessing = 0;
		};
/* End PBXResourcesBuildPhase section */

/* Begin PBXSourcesBuildPhase section */
		D89C0E581C853CB400A8EB1A /* Sources */ = {
			isa = PBXSourcesBuildPhase;
			buildActionMask = 2147483647;
			files = (
				D89C0E621C853CB500A8EB1A /* ViewController.swift in Sources */,
				D89C0E601C853CB500A8EB1A /* AppDelegate.swift in Sources */,
			);
			runOnlyForDeploymentPostprocessing = 0;
		};
/* End PBXSourcesBuildPhase section */

/* Begin PBXVariantGroup section */
		D89C0E631C853CB500A8EB1A /* Main.storyboard */ = {
			isa = PBXVariantGroup;
			children = (
				D89C0E641C853CB500A8EB1A /* Base */,
			);
			name = Main.storyboard;
			sourceTree = "<group>";
		};
		D89C0E681C853CB500A8EB1A /* LaunchScreen.storyboard */ = {
			isa = PBXVariantGroup;
			children = (
				D89C0E691C853CB500A8EB1A /* Base */,
			);
			name = LaunchScreen.storyboard;
			sourceTree = "<group>";
		};
/* End PBXVariantGroup section */

/* Begin XCBuildConfiguration section */
		D89C0E6C1C853CB500A8EB1A /* Debug */ = {
			isa = XCBuildConfiguration;
			buildSettings = {
				ALWAYS_SEARCH_USER_PATHS = NO;
				CLANG_CXX_LANGUAGE_STANDARD = "gnu++0x";
				CLANG_CXX_LIBRARY = "libc++";
				CLANG_ENABLE_MODULES = YES;
				CLANG_ENABLE_OBJC_ARC = YES;
				CLANG_WARN_BOOL_CONVERSION = YES;
				CLANG_WARN_CONSTANT_CONVERSION = YES;
				CLANG_WARN_DIRECT_OBJC_ISA_USAGE = YES_ERROR;
				CLANG_WARN_EMPTY_BODY = YES;
				CLANG_WARN_ENUM_CONVERSION = YES;
				CLANG_WARN_INT_CONVERSION = YES;
				CLANG_WARN_OBJC_ROOT_CLASS = YES_ERROR;
				CLANG_WARN_UNREACHABLE_CODE = YES;
				CLANG_WARN__DUPLICATE_METHOD_MATCH = YES;
				"CODE_SIGN_IDENTITY[sdk=iphoneos*]" = "iPhone Developer";
				COPY_PHASE_STRIP = NO;
				DEBUG_INFORMATION_FORMAT = dwarf;
				ENABLE_STRICT_OBJC_MSGSEND = YES;
				ENABLE_TESTABILITY = YES;
				GCC_C_LANGUAGE_STANDARD = gnu99;
				GCC_DYNAMIC_NO_PIC = NO;
				GCC_NO_COMMON_BLOCKS = YES;
				GCC_OPTIMIZATION_LEVEL = 0;
				GCC_PREPROCESSOR_DEFINITIONS = (
					"DEBUG=1",
					"$(inherited)",
				);
				GCC_WARN_64_TO_32_BIT_CONVERSION = YES;
				GCC_WARN_ABOUT_RETURN_TYPE = YES_ERROR;
				GCC_WARN_UNDECLARED_SELECTOR = YES;
				GCC_WARN_UNINITIALIZED_AUTOS = YES_AGGRESSIVE;
				GCC_WARN_UNUSED_FUNCTION = YES;
				GCC_WARN_UNUSED_VARIABLE = YES;
				IPHONEOS_DEPLOYMENT_TARGET = 9.2;
				MTL_ENABLE_DEBUG_INFO = YES;
				ONLY_ACTIVE_ARCH = YES;
				SDKROOT = iphoneos;
				SWIFT_OPTIMIZATION_LEVEL = "-Onone";
			};
			name = Debug;
		};
		D89C0E6D1C853CB500A8EB1A /* Release */ = {
			isa = XCBuildConfiguration;
			buildSettings = {
				ALWAYS_SEARCH_USER_PATHS = NO;
				CLANG_CXX_LANGUAGE_STANDARD = "gnu++0x";
				CLANG_CXX_LIBRARY = "libc++";
				CLANG_ENABLE_MODULES = YES;
				CLANG_ENABLE_OBJC_ARC = YES;
				CLANG_WARN_BOOL_CONVERSION = YES;
				CLANG_WARN_CONSTANT_CONVERSION = YES;
				CLANG_WARN_DIRECT_OBJC_ISA_USAGE = YES_ERROR;
				CLANG_WARN_EMPTY_BODY = YES;
				CLANG_WARN_ENUM_CONVERSION = YES;
				CLANG_WARN_INT_CONVERSION = YES;
				CLANG_WARN_OBJC_ROOT_CLASS = YES_ERROR;
				CLANG_WARN_UNREACHABLE_CODE = YES;
				CLANG_WARN__DUPLICATE_METHOD_MATCH = YES;
				"CODE_SIGN_IDENTITY[sdk=iphoneos*]" = "iPhone Developer";
				COPY_PHASE_STRIP = NO;
				DEBUG_INFORMATION_FORMAT = "dwarf-with-dsym";
				ENABLE_NS_ASSERTIONS = NO;
				ENABLE_STRICT_OBJC_MSGSEND = YES;
				GCC_C_LANGUAGE_STANDARD = gnu99;
				GCC_NO_COMMON_BLOCKS = YES;
				GCC_WARN_64_TO_32_BIT_CONVERSION = YES;
				GCC_WARN_ABOUT_RETURN_TYPE = YES_ERROR;
				GCC_WARN_UNDECLARED_SELECTOR = YES;
				GCC_WARN_UNINITIALIZED_AUTOS = YES_AGGRESSIVE;
				GCC_WARN_UNUSED_FUNCTION = YES;
				GCC_WARN_UNUSED_VARIABLE = YES;
				IPHONEOS_DEPLOYMENT_TARGET = 9.2;
				MTL_ENABLE_DEBUG_INFO = NO;
				SDKROOT = iphoneos;
				VALIDATE_PRODUCT = YES;
			};
			name = Release;
		};
		D89C0E6F1C853CB500A8EB1A /* Debug */ = {
			isa = XCBuildConfiguration;
			buildSettings = {
				ASSETCATALOG_COMPILER_APPICON_NAME = AppIcon;
				INFOPLIST_FILE = helloWorld/Info.plist;
				LD_RUNPATH_SEARCH_PATHS = "$(inherited) @executable_path/Frameworks";
				PRODUCT_BUNDLE_IDENTIFIER = com.shoenick..helloWorld;
				PRODUCT_NAME = "$(TARGET_NAME)";
			};
			name = Debug;
		};
		D89C0E701C853CB500A8EB1A /* Release */ = {
			isa = XCBuildConfiguration;
			buildSettings = {
				ASSETCATALOG_COMPILER_APPICON_NAME = AppIcon;
				INFOPLIST_FILE = helloWorld/Info.plist;
				LD_RUNPATH_SEARCH_PATHS = "$(inherited) @executable_path/Frameworks";
				PRODUCT_BUNDLE_IDENTIFIER = com.shoenick..helloWorld;
				PRODUCT_NAME = "$(TARGET_NAME)";
			};
			name = Release;
		};
/* End XCBuildConfiguration section */

/* Begin XCConfigurationList section */
		D89C0E571C853CB400A8EB1A /* Build configuration list for PBXProject "helloWorld" */ = {
			isa = XCConfigurationList;
			buildConfigurations = (
				D89C0E6C1C853CB500A8EB1A /* Debug */,
				D89C0E6D1C853CB500A8EB1A /* Release */,
			);
			defaultConfigurationIsVisible = 0;
			defaultConfigurationName = Release;
		};
		D89C0E6E1C853CB500A8EB1A /* Build configuration list for PBXNativeTarget "helloWorld" */ = {
			isa = XCConfigurationList;
			buildConfigurations = (
				D89C0E6F1C853CB500A8EB1A /* Debug */,
				D89C0E701C853CB500A8EB1A /* Release */,
			);
			defaultConfigurationIsVisible = 0;
		};
/* End XCConfigurationList section */
	};
	rootObject = D89C0E541C853CB300A8EB1A /* Project object */;
}
